
Microsoft Visual Studio Solution File, Format Version 12.00
# Visual Studio Version 17
VisualStudioVersion = 17.13.35828.75 d17.13
MinimumVisualStudioVersion = 10.0.40219.1
Project("{FAE04EC0-301F-11D3-BF4B-00C04F79EFBC}") = "BinanceFutures.TestJob.Api", "src\Api\BinanceFutures.TestJob.Api\BinanceFutures.TestJob.Api.csproj", "{257C2E1A-6F80-44AB-BA3C-1B0BD8E825AB}"
EndProject
Project("{FAE04EC0-301F-11D3-BF4B-00C04F79EFBC}") = "BinanceFutures.TestJob.Application", "src\Application\BinanceFutures.TestJob.Application\BinanceFutures.TestJob.Application.csproj", "{A73A819D-2CC8-49FF-A9B9-14A77514F05B}"
EndProject
Project("{FAE04EC0-301F-11D3-BF4B-00C04F79EFBC}") = "BinanceFutures.TestJob.Domain", "src\Domain\BinanceFutures.TestJob.Domain\BinanceFutures.TestJob.Domain.csproj", "{E791A8C0-F2BC-4D71-BFFF-53A3AA31B825}"
EndProject
Project("{FAE04EC0-301F-11D3-BF4B-00C04F79EFBC}") = "BinanceFutures.TestJob.Persistence", "src\Persistence\BinanceFutures.TestJob.Persistence\BinanceFutures.TestJob.Persistence.csproj", "{593FF659-7E54-4DDB-9630-B72629F27809}"
EndProject
Project("{FAE04EC0-301F-11D3-BF4B-00C04F79EFBC}") = "BinanceFutures.TestJob.Infrastructure", "src\Infrastructure\BinanceFutures.TestJob.Infrastructure\BinanceFutures.TestJob.Infrastructure.csproj", "{7694C4D9-487C-4A6B-B823-C4EB7277AAD4}"
EndProject
Global
	GlobalSection(SolutionConfigurationPlatforms) = preSolution
		Debug|Any CPU = Debug|Any CPU
		Release|Any CPU = Release|Any CPU
	EndGlobalSection
	GlobalSection(ProjectConfigurationPlatforms) = postSolution
		{257C2E1A-6F80-44AB-BA3C-1B0BD8E825AB}.Debug|Any CPU.ActiveCfg = Debug|Any CPU
		{257C2E1A-6F80-44AB-BA3C-1B0BD8E825AB}.Debug|Any CPU.Build.0 = Debug|Any CPU
		{257C2E1A-6F80-44AB-BA3C-1B0BD8E825AB}.Release|Any CPU.ActiveCfg = Release|Any CPU
		{257C2E1A-6F80-44AB-BA3C-1B0BD8E825AB}.Release|Any CPU.Build.0 = Release|Any CPU
		{A73A819D-2CC8-49FF-A9B9-14A77514F05B}.Debug|Any CPU.ActiveCfg = Debug|Any CPU
		{A73A819D-2CC8-49FF-A9B9-14A77514F05B}.Debug|Any CPU.Build.0 = Debug|Any CPU
		{A73A819D-2CC8-49FF-A9B9-14A77514F05B}.Release|Any CPU.ActiveCfg = Release|Any CPU
		{A73A819D-2CC8-49FF-A9B9-14A77514F05B}.Release|Any CPU.Build.0 = Release|Any CPU
		{E791A8C0-F2BC-4D71-BFFF-53A3AA31B825}.Debug|Any CPU.ActiveCfg = Debug|Any CPU
		{E791A8C0-F2BC-4D71-BFFF-53A3AA31B825}.Debug|Any CPU.Build.0 = Debug|Any CPU
		{E791A8C0-F2BC-4D71-BFFF-53A3AA31B825}.Release|Any CPU.ActiveCfg = Release|Any CPU
		{E791A8C0-F2BC-4D71-BFFF-53A3AA31B825}.Release|Any CPU.Build.0 = Release|Any CPU
		{593FF659-7E54-4DDB-9630-B72629F27809}.Debug|Any CPU.ActiveCfg = Debug|Any CPU
		{593FF659-7E54-4DDB-9630-B72629F27809}.Debug|Any CPU.Build.0 = Debug|Any CPU
		{593FF659-7E54-4DDB-9630-B72629F27809}.Release|Any CPU.ActiveCfg = Release|Any CPU
		{593FF659-7E54-4DDB-9630-B72629F27809}.Release|Any CPU.Build.0 = Release|Any CPU
		{7694C4D9-487C-4A6B-B823-C4EB7277AAD4}.Debug|Any CPU.ActiveCfg = Debug|Any CPU
		{7694C4D9-487C-4A6B-B823-C4EB7277AAD4}.Debug|Any CPU.Build.0 = Debug|Any CPU
		{7694C4D9-487C-4A6B-B823-C4EB7277AAD4}.Release|Any CPU.ActiveCfg = Release|Any CPU
		{7694C4D9-487C-4A6B-B823-C4EB7277AAD4}.Release|Any CPU.Build.0 = Release|Any CPU
	EndGlobalSection
	GlobalSection(SolutionProperties) = preSolution
		HideSolutionNode = FALSE
	EndGlobalSection
	GlobalSection(ExtensibilityGlobals) = postSolution
		SolutionGuid = {0E1C6EFB-C086-4404-8D42-2F16CC7B8199}
	EndGlobalSection
EndGlobal
